Microsoft Visual Studio Solution File, Format Version 12.00
# Visual Studio Version 16
VisualStudioVersion = 16.0.0.0
MinimumVisualStudioVersion = 16.0.0.0
Project("{9A19103F-16F7-4668-BE54-9A1E7A4F7556}") = "BlazorHostedTest.Server", "BlazorHostedTest.Server\BlazorHostedTest.Server.csproj", "{2EE91729-F6A1-4F99-ADDE-173DDD83AC91}"
EndProject
Project("{9A19103F-16F7-4668-BE54-9A1E7A4F7556}") = "BlazorHostedTest.Client", "BlazorHostedTest.Client\BlazorHostedTest.Client.csproj", "{FF4CD794-00F4-497A-95F0-E76775438D3E}"
EndProject
Project("{9A19103F-16F7-4668-BE54-9A1E7A4F7556}") = "BlazorHostedTest.Shared", "BlazorHostedTest.Shared\BlazorHostedTest.Shared.csproj", "{96157F88-7753-46D1-8E24-2AE234A82D38}"
EndProject
Global
	GlobalSection(SolutionConfigurationPlatforms) = preSolution
		Debug|Any CPU = Debug|Any CPU
		Debug|x64 = Debug|x64
		Debug|x86 = Debug|x86
		Release|Any CPU = Release|Any CPU
		Release|x64 = Release|x64
		Release|x86 = Release|x86
	EndGlobalSection
	GlobalSection(ProjectConfigurationPlatforms) = postSolution
		{FF4CD794-00F4-497A-95F0-E76775438D3E}.Debug|Any CPU.ActiveCfg = Debug|Any CPU
		{FF4CD794-00F4-497A-95F0-E76775438D3E}.Debug|Any CPU.Build.0 = Debug|Any CPU
		{FF4CD794-00F4-497A-95F0-E76775438D3E}.Debug|x64.ActiveCfg = Debug|Any CPU
		{FF4CD794-00F4-497A-95F0-E76775438D3E}.Debug|x64.Build.0 = Debug|Any CPU
		{FF4CD794-00F4-497A-95F0-E76775438D3E}.Debug|x86.ActiveCfg = Debug|Any CPU
		{FF4CD794-00F4-497A-95F0-E76775438D3E}.Debug|x86.Build.0 = Debug|Any CPU
		{FF4CD794-00F4-497A-95F0-E76775438D3E}.Release|Any CPU.ActiveCfg = Release|Any CPU
		{FF4CD794-00F4-497A-95F0-E76775438D3E}.Release|Any CPU.Build.0 = Release|Any CPU
		{FF4CD794-00F4-497A-95F0-E76775438D3E}.Release|x64.ActiveCfg = Release|Any CPU
		{FF4CD794-00F4-497A-95F0-E76775438D3E}.Release|x64.Build.0 = Release|Any CPU
		{FF4CD794-00F4-497A-95F0-E76775438D3E}.Release|x86.ActiveCfg = Release|Any CPU
		{FF4CD794-00F4-497A-95F0-E76775438D3E}.Release|x86.Build.0 = Release|Any CPU
		{2EE91729-F6A1-4F99-ADDE-173DDD83AC91}.Debug|Any CPU.ActiveCfg = Debug|Any CPU
		{2EE91729-F6A1-4F99-ADDE-173DDD83AC91}.Debug|Any CPU.Build.0 = Debug|Any CPU
		{2EE91729-F6A1-4F99-ADDE-173DDD83AC91}.Debug|x64.ActiveCfg = Debug|Any CPU
		{2EE91729-F6A1-4F99-ADDE-173DDD83AC91}.Debug|x64.Build.0 = Debug|Any CPU
		{2EE91729-F6A1-4F99-ADDE-173DDD83AC91}.Debug|x86.ActiveCfg = Debug|Any CPU
		{2EE91729-F6A1-4F99-ADDE-173DDD83AC91}.Debug|x86.Build.0 = Debug|Any CPU
		{2EE91729-F6A1-4F99-ADDE-173DDD83AC91}.Release|Any CPU.ActiveCfg = Release|Any CPU
		{2EE91729-F6A1-4F99-ADDE-173DDD83AC91}.Release|Any CPU.Build.0 = Release|Any CPU
		{2EE91729-F6A1-4F99-ADDE-173DDD83AC91}.Release|x64.ActiveCfg = Release|Any CPU
		{2EE91729-F6A1-4F99-ADDE-173DDD83AC91}.Release|x64.Build.0 = Release|Any CPU
		{2EE91729-F6A1-4F99-ADDE-173DDD83AC91}.Release|x86.ActiveCfg = Release|Any CPU
		{2EE91729-F6A1-4F99-ADDE-173DDD83AC91}.Release|x86.Build.0 = Release|Any CPU
		{96157F88-7753-46D1-8E24-2AE234A82D38}.Debug|Any CPU.ActiveCfg = Debug|Any CPU
		{96157F88-7753-46D1-8E24-2AE234A82D38}.Debug|Any CPU.Build.0 = Debug|Any CPU
		{96157F88-7753-46D1-8E24-2AE234A82D38}.Debug|x64.ActiveCfg = Debug|Any CPU
		{96157F88-7753-46D1-8E24-2AE234A82D38}.Debug|x64.Build.0 = Debug|Any CPU
		{96157F88-7753-46D1-8E24-2AE234A82D38}.Debug|x86.ActiveCfg = Debug|Any CPU
		{96157F88-7753-46D1-8E24-2AE234A82D38}.Debug|x86.Build.0 = Debug|Any CPU
		{96157F88-7753-46D1-8E24-2AE234A82D38}.Release|Any CPU.ActiveCfg = Release|Any CPU
		{96157F88-7753-46D1-8E24-2AE234A82D38}.Release|Any CPU.Build.0 = Release|Any CPU
		{96157F88-7753-46D1-8E24-2AE234A82D38}.Release|x64.ActiveCfg = Release|Any CPU
		{96157F88-7753-46D1-8E24-2AE234A82D38}.Release|x64.Build.0 = Release|Any CPU
		{96157F88-7753-46D1-8E24-2AE234A82D38}.Release|x86.ActiveCfg = Release|Any CPU
		{96157F88-7753-46D1-8E24-2AE234A82D38}.Release|x86.Build.0 = Release|Any CPU
	EndGlobalSection
	GlobalSection(SolutionProperties) = preSolution
		HideSolutionNode = FALSE
	EndGlobalSection
	GlobalSection(ExtensibilityGlobals) = postSolution
		SolutionGuid = {E111FF15-68E5-4E7D-8C4F-7312CBC9DD45}
	EndGlobalSection
EndGlobal
